
Microsoft Visual Studio Solution File, Format Version 12.00
# Visual Studio Version 17
VisualStudioVersion = 17.14.36705.20 d17.14
MinimumVisualStudioVersion = 10.0.40219.1
Project("{FAE04EC0-301F-11D3-BF4B-00C04F79EFBC}") = "Cinema.Domain", "..\Cinema\Cinema.Domain\Cinema.Domain.csproj", "{BDCEDB45-0480-5A94-5AA2-EF34BECE6AA8}"
EndProject
Project("{FAE04EC0-301F-11D3-BF4B-00C04F79EFBC}") = "Cinema.Application", "..\Cinema\Cinema.Application\Cinema.Application.csproj", "{6AB9D463-0723-06DC-DE02-98BD336DC980}"
EndProject
Project("{FAE04EC0-301F-11D3-BF4B-00C04F79EFBC}") = "Cinema.Infrastructure", "..\Cinema\Cinema.Infrastructure\Cinema.Infrastructure.csproj", "{6C08C345-8471-E485-5491-E3A78060FF4E}"
EndProject
Project("{FAE04EC0-301F-11D3-BF4B-00C04F79EFBC}") = "Cinema.WebAPI", "..\Cinema\Cinema.WebAPI\Cinema.WebAPI.csproj", "{5B6089D8-D1CC-F968-8CA8-65BE4FE2AE7C}"
EndProject
Global
	GlobalSection(SolutionConfigurationPlatforms) = preSolution
		Debug|Any CPU = Debug|Any CPU
		Release|Any CPU = Release|Any CPU
	EndGlobalSection
	GlobalSection(ProjectConfigurationPlatforms) = postSolution
		{BDCEDB45-0480-5A94-5AA2-EF34BECE6AA8}.Debug|Any CPU.ActiveCfg = Debug|Any CPU
		{BDCEDB45-0480-5A94-5AA2-EF34BECE6AA8}.Debug|Any CPU.Build.0 = Debug|Any CPU
		{BDCEDB45-0480-5A94-5AA2-EF34BECE6AA8}.Release|Any CPU.ActiveCfg = Release|Any CPU
		{BDCEDB45-0480-5A94-5AA2-EF34BECE6AA8}.Release|Any CPU.Build.0 = Release|Any CPU
		{6AB9D463-0723-06DC-DE02-98BD336DC980}.Debug|Any CPU.ActiveCfg = Debug|Any CPU
		{6AB9D463-0723-06DC-DE02-98BD336DC980}.Debug|Any CPU.Build.0 = Debug|Any CPU
		{6AB9D463-0723-06DC-DE02-98BD336DC980}.Release|Any CPU.ActiveCfg = Release|Any CPU
		{6AB9D463-0723-06DC-DE02-98BD336DC980}.Release|Any CPU.Build.0 = Release|Any CPU
		{6C08C345-8471-E485-5491-E3A78060FF4E}.Debug|Any CPU.ActiveCfg = Debug|Any CPU
		{6C08C345-8471-E485-5491-E3A78060FF4E}.Debug|Any CPU.Build.0 = Debug|Any CPU
		{6C08C345-8471-E485-5491-E3A78060FF4E}.Release|Any CPU.ActiveCfg = Release|Any CPU
		{6C08C345-8471-E485-5491-E3A78060FF4E}.Release|Any CPU.Build.0 = Release|Any CPU
		{5B6089D8-D1CC-F968-8CA8-65BE4FE2AE7C}.Debug|Any CPU.ActiveCfg = Debug|Any CPU
		{5B6089D8-D1CC-F968-8CA8-65BE4FE2AE7C}.Debug|Any CPU.Build.0 = Debug|Any CPU
		{5B6089D8-D1CC-F968-8CA8-65BE4FE2AE7C}.Release|Any CPU.ActiveCfg = Release|Any CPU
		{5B6089D8-D1CC-F968-8CA8-65BE4FE2AE7C}.Release|Any CPU.Build.0 = Release|Any CPU
	EndGlobalSection
	GlobalSection(SolutionProperties) = preSolution
		HideSolutionNode = FALSE
	EndGlobalSection
	GlobalSection(ExtensibilityGlobals) = postSolution
		SolutionGuid = {121C11FB-0262-4467-B0D3-E37BC7270529}
	EndGlobalSection
EndGlobal
